{
  "lockfileVersion": 1,
  "dependencies": {
    "later": {
      "version": "1.2.0",
      "resolved": "https://registry.npmjs.org/later/-/later-1.2.0.tgz",
      "integrity": "sha1-8s9sTdeVbdL1IK3wMpg26YdrrQ8="
    },
    "timezone": {
      "version": "1.0.6",
      "resolved": "https://registry.npmjs.org/timezone/-/timezone-1.0.6.tgz",
      "integrity": "sha1-07ULw1xjoJ7Yh2qMw2QmKGhczDM="
    }
  }
}
